
Microsoft Visual Studio Solution File, Format Version 12.00
# Visual Studio Version 17
VisualStudioVersion = 17.9.34902.65
MinimumVisualStudioVersion = 10.0.40219.1
Project("{9A19103F-16F7-4668-BE54-9A1E7A4F7556}") = "lr_13", "lr_13\lr_13.csproj", "{27AAE458-54BD-4E42-A2D5-0DCED0074BB1}"
EndProject
Project("{9A19103F-16F7-4668-BE54-9A1E7A4F7556}") = "ClassLibrary", "..\Labb_10\MusicalInstrument\ClassLibrary.csproj", "{4F50AF8E-3238-4EF0-B3FC-6E619093AE8A}"
EndProject
Project("{9A19103F-16F7-4668-BE54-9A1E7A4F7556}") = "ClassLibrary2", "ClassLibrary2\ClassLibrary2.csproj", "{119776F8-528D-4E28-81BF-8EB67752CA55}"
EndProject
Project("{FAE04EC0-301F-11D3-BF4B-00C04F79EFBC}") = "TestProject1", "TestProject1\TestProject1.csproj", "{4CDFBED9-5F69-4B2B-968E-ABA4AC6FD716}"
EndProject
Global
	GlobalSection(SolutionConfigurationPlatforms) = preSolution
		Debug|Any CPU = Debug|Any CPU
		Release|Any CPU = Release|Any CPU
	EndGlobalSection
	GlobalSection(ProjectConfigurationPlatforms) = postSolution
		{27AAE458-54BD-4E42-A2D5-0DCED0074BB1}.Debug|Any CPU.ActiveCfg = Debug|Any CPU
		{27AAE458-54BD-4E42-A2D5-0DCED0074BB1}.Debug|Any CPU.Build.0 = Debug|Any CPU
		{27AAE458-54BD-4E42-A2D5-0DCED0074BB1}.Release|Any CPU.ActiveCfg = Release|Any CPU
		{27AAE458-54BD-4E42-A2D5-0DCED0074BB1}.Release|Any CPU.Build.0 = Release|Any CPU
		{4F50AF8E-3238-4EF0-B3FC-6E619093AE8A}.Debug|Any CPU.ActiveCfg = Debug|Any CPU
		{4F50AF8E-3238-4EF0-B3FC-6E619093AE8A}.Debug|Any CPU.Build.0 = Debug|Any CPU
		{4F50AF8E-3238-4EF0-B3FC-6E619093AE8A}.Release|Any CPU.ActiveCfg = Release|Any CPU
		{4F50AF8E-3238-4EF0-B3FC-6E619093AE8A}.Release|Any CPU.Build.0 = Release|Any CPU
		{119776F8-528D-4E28-81BF-8EB67752CA55}.Debug|Any CPU.ActiveCfg = Debug|Any CPU
		{119776F8-528D-4E28-81BF-8EB67752CA55}.Debug|Any CPU.Build.0 = Debug|Any CPU
		{119776F8-528D-4E28-81BF-8EB67752CA55}.Release|Any CPU.ActiveCfg = Release|Any CPU
		{119776F8-528D-4E28-81BF-8EB67752CA55}.Release|Any CPU.Build.0 = Release|Any CPU
		{4CDFBED9-5F69-4B2B-968E-ABA4AC6FD716}.Debug|Any CPU.ActiveCfg = Debug|Any CPU
		{4CDFBED9-5F69-4B2B-968E-ABA4AC6FD716}.Debug|Any CPU.Build.0 = Debug|Any CPU
		{4CDFBED9-5F69-4B2B-968E-ABA4AC6FD716}.Release|Any CPU.ActiveCfg = Release|Any CPU
		{4CDFBED9-5F69-4B2B-968E-ABA4AC6FD716}.Release|Any CPU.Build.0 = Release|Any CPU
	EndGlobalSection
	GlobalSection(SolutionProperties) = preSolution
		HideSolutionNode = FALSE
	EndGlobalSection
	GlobalSection(ExtensibilityGlobals) = postSolution
		SolutionGuid = {EDBFED82-2067-4E53-A669-ACC30E66DE31}
	EndGlobalSection
EndGlobal
